// !$*UTF8*$!
{
	archiveVersion = 1;
	classes = {
	};
	objectVersion = 46;
	objects = {

/* Begin PBXBuildFile section */
		3237787E1A9EF63400F3DC4C /* AppDelegate.swift in Sources */ = {isa = PBXBuildFile; fileRef = 3237787D1A9EF63400F3DC4C /* AppDelegate.swift */; };
		323778801A9EF63400F3DC4C /* ViewController.swift in Sources */ = {isa = PBXBuildFile; fileRef = 3237787F1A9EF63400F3DC4C /* ViewController.swift */; };
		323778831A9EF63400F3DC4C /* Main.storyboard in Resources */ = {isa = PBXBuildFile; fileRef = 323778811A9EF63400F3DC4C /* Main.storyboard */; };
		323778851A9EF63400F3DC4C /* Images.xcassets in Resources */ = {isa = PBXBuildFile; fileRef = 323778841A9EF63400F3DC4C /* Images.xcassets */; };
		323778881A9EF63400F3DC4C /* LaunchScreen.xib in Resources */ = {isa = PBXBuildFile; fileRef = 323778861A9EF63400F3DC4C /* LaunchScreen.xib */; };
		323778941A9EF63400F3DC4C /* TaskItTests.swift in Sources */ = {isa = PBXBuildFile; fileRef = 323778931A9EF63400F3DC4C /* TaskItTests.swift */; };
/* End PBXBuildFile section */

/* Begin PBXContainerItemProxy section */
		3237788E1A9EF63400F3DC4C /* PBXContainerItemProxy */ = {
			isa = PBXContainerItemProxy;
			containerPortal = 323778701A9EF63400F3DC4C /* Project object */;
			proxyType = 1;
			remoteGlobalIDString = 323778771A9EF63400F3DC4C;
			remoteInfo = TaskIt;
		};
/* End PBXContainerItemProxy section */

/* Begin PBXFileReference section */
		323778781A9EF63400F3DC4C /* TaskIt.app */ = {isa = PBXFileReference; explicitFileType = wrapper.application; includeInIndex = 0; path = TaskIt.app; sourceTree = BUILT_PRODUCTS_DIR; };
		3237787C1A9EF63400F3DC4C /* Info.plist */ = {isa = PBXFileReference; lastKnownFileType = text.plist.xml; path = Info.plist; sourceTree = "<group>"; };
		3237787D1A9EF63400F3DC4C /* AppDelegate.swift */ = {isa = PBXFileReference; lastKnownFileType = sourcecode.swift; path = AppDelegate.swift; sourceTree = "<group>"; };
		3237787F1A9EF63400F3DC4C /* ViewController.swift */ = {isa = PBXFileReference; lastKnownFileType = sourcecode.swift; path = ViewController.swift; sourceTree = "<group>"; };
		323778821A9EF63400F3DC4C /* Base */ = {isa = PBXFileReference; lastKnownFileType = file.storyboard; name = Base; path = Base.lproj/Main.storyboard; sourceTree = "<group>"; };
		323778841A9EF63400F3DC4C /* Images.xcassets */ = {isa = PBXFileReference; lastKnownFileType = folder.assetcatalog; path = Images.xcassets; sourceTree = "<group>"; };
		323778871A9EF63400F3DC4C /* Base */ = {isa = PBXFileReference; lastKnownFileType = file.xib; name = Base; path = Base.lproj/LaunchScreen.xib; sourceTree = "<group>"; };
		3237788D1A9EF63400F3DC4C /* TaskItTests.xctest */ = {isa = PBXFileReference; explicitFileType = wrapper.cfbundle; includeInIndex = 0; path = TaskItTests.xctest; sourceTree = BUILT_PRODUCTS_DIR; };
		323778921A9EF63400F3DC4C /* Info.plist */ = {isa = PBXFileReference; lastKnownFileType = text.plist.xml; path = Info.plist; sourceTree = "<group>"; };
		323778931A9EF63400F3DC4C /* TaskItTests.swift */ = {isa = PBXFileReference; lastKnownFileType = sourcecode.swift; path = TaskItTests.swift; sourceTree = "<group>"; };
/* End PBXFileReference section */

/* Begin PBXFrameworksBuildPhase section */
		323778751A9EF63400F3DC4C /* Frameworks */ = {
			isa = PBXFrameworksBuildPhase;
			buildActionMask = 2147483647;
			files = (
			);
			runOnlyForDeploymentPostprocessing = 0;
		};
		3237788A1A9EF63400F3DC4C /* Frameworks */ = {
			isa = PBXFrameworksBuildPhase;
			buildActionMask = 2147483647;
			files = (
			);
			runOnlyForDeploymentPostprocessing = 0;
		};
/* End PBXFrameworksBuildPhase section */

/* Begin PBXGroup section */
		3237786F1A9EF63400F3DC4C = {
			isa = PBXGroup;
			children = (
				3237787A1A9EF63400F3DC4C /* TaskIt */,
				323778901A9EF63400F3DC4C /* TaskItTests */,
				323778791A9EF63400F3DC4C /* Products */,
			);
			sourceTree = "<group>";
		};
		323778791A9EF63400F3DC4C /* Products */ = {
			isa = PBXGroup;
			children = (
				323778781A9EF63400F3DC4C /* TaskIt.app */,
				3237788D1A9EF63400F3DC4C /* TaskItTests.xctest */,
			);
			name = Products;
			sourceTree = "<group>";
		};
		3237787A1A9EF63400F3DC4C /* TaskIt */ = {
			isa = PBXGroup;
			children = (
				3237787D1A9EF63400F3DC4C /* AppDelegate.swift */,
				3237787F1A9EF63400F3DC4C /* ViewController.swift */,
				323778811A9EF63400F3DC4C /* Main.storyboard */,
				323778841A9EF63400F3DC4C /* Images.xcassets */,
				323778861A9EF63400F3DC4C /* LaunchScreen.xib */,
				3237787B1A9EF63400F3DC4C /* Supporting Files */,
			);
			path = TaskIt;
			sourceTree = "<group>";
		};
		3237787B1A9EF63400F3DC4C /* Supporting Files */ = {
			isa = PBXGroup;
			children = (
				3237787C1A9EF63400F3DC4C /* Info.plist */,
			);
			name = "Supporting Files";
			sourceTree = "<group>";
		};
		323778901A9EF63400F3DC4C /* TaskItTests */ = {
			isa = PBXGroup;
			children = (
				323778931A9EF63400F3DC4C /* TaskItTests.swift */,
				323778911A9EF63400F3DC4C /* Supporting Files */,
			);
			path = TaskItTests;
			sourceTree = "<group>";
		};
		323778911A9EF63400F3DC4C /* Supporting Files */ = {
			isa = PBXGroup;
			children = (
				323778921A9EF63400F3DC4C /* Info.plist */,
			);
			name = "Supporting Files";
			sourceTree = "<group>";
		};
/* End PBXGroup section */

/* Begin PBXNativeTarget section */
		323778771A9EF63400F3DC4C /* TaskIt */ = {
			isa = PBXNativeTarget;
			buildConfigurationList = 323778971A9EF63400F3DC4C /* Build configuration list for PBXNativeTarget "TaskIt" */;
			buildPhases = (
				323778741A9EF63400F3DC4C /* Sources */,
				323778751A9EF63400F3DC4C /* Frameworks */,
				323778761A9EF63400F3DC4C /* Resources */,
			);
			buildRules = (
			);
			dependencies = (
			);
			name = TaskIt;
			productName = TaskIt;
			productReference = 323778781A9EF63400F3DC4C /* TaskIt.app */;
			productType = "com.apple.product-type.application";
		};
		3237788C1A9EF63400F3DC4C /* TaskItTests */ = {
			isa = PBXNativeTarget;
			buildConfigurationList = 3237789A1A9EF63400F3DC4C /* Build configuration list for PBXNativeTarget "TaskItTests" */;
			buildPhases = (
				323778891A9EF63400F3DC4C /* Sources */,
				3237788A1A9EF63400F3DC4C /* Frameworks */,
				3237788B1A9EF63400F3DC4C /* Resources */,
			);
			buildRules = (
			);
			dependencies = (
				3237788F1A9EF63400F3DC4C /* PBXTargetDependency */,
			);
			name = TaskItTests;
			productName = TaskItTests;
			productReference = 3237788D1A9EF63400F3DC4C /* TaskItTests.xctest */;
			productType = "com.apple.product-type.bundle.unit-test";
		};
/* End PBXNativeTarget section */

/* Begin PBXProject section */
		323778701A9EF63400F3DC4C /* Project object */ = {
			isa = PBXProject;
			attributes = {
				LastUpgradeCheck = 0610;
				ORGANIZATIONNAME = Noorsimar;
				TargetAttributes = {
					323778771A9EF63400F3DC4C = {
						CreatedOnToolsVersion = 6.1.1;
					};
					3237788C1A9EF63400F3DC4C = {
						CreatedOnToolsVersion = 6.1.1;
						TestTargetID = 323778771A9EF63400F3DC4C;
					};
				};
			};
			buildConfigurationList = 323778731A9EF63400F3DC4C /* Build configuration list for PBXProject "TaskIt" */;
			compatibilityVersion = "Xcode 3.2";
			developmentRegion = English;
			hasScannedForEncodings = 0;
			knownRegions = (
				en,
				Base,
			);
			mainGroup = 3237786F1A9EF63400F3DC4C;
			productRefGroup = 323778791A9EF63400F3DC4C /* Products */;
			projectDirPath = "";
			projectRoot = "";
			targets = (
				323778771A9EF63400F3DC4C /* TaskIt */,
				3237788C1A9EF63400F3DC4C /* TaskItTests */,
			);
		};
/* End PBXProject section */

/* Begin PBXResourcesBuildPhase section */
		323778761A9EF63400F3DC4C /* Resources */ = {
			isa = PBXResourcesBuildPhase;
			buildActionMask = 2147483647;
			files = (
				323778831A9EF63400F3DC4C /* Main.storyboard in Resources */,
				323778881A9EF63400F3DC4C /* LaunchScreen.xib in Resources */,
				323778851A9EF63400F3DC4C /* Images.xcassets in Resources */,
			);
			runOnlyForDeploymentPostprocessing = 0;
		};
		3237788B1A9EF63400F3DC4C /* Resources */ = {
			isa = PBXResourcesBuildPhase;
			buildActionMask = 2147483647;
			files = (
			);
			runOnlyForDeploymentPostprocessing = 0;
		};
/* End PBXResourcesBuildPhase section */

/* Begin PBXSourcesBuildPhase section */
		323778741A9EF63400F3DC4C /* Sources */ = {
			isa = PBXSourcesBuildPhase;
			buildActionMask = 2147483647;
			files = (
				323778801A9EF63400F3DC4C /* ViewController.swift in Sources */,
				3237787E1A9EF63400F3DC4C /* AppDelegate.swift in Sources */,
			);
			runOnlyForDeploymentPostprocessing = 0;
		};
		323778891A9EF63400F3DC4C /* Sources */ = {
			isa = PBXSourcesBuildPhase;
			buildActionMask = 2147483647;
			files = (
				323778941A9EF63400F3DC4C /* TaskItTests.swift in Sources */,
			);
			runOnlyForDeploymentPostprocessing = 0;
		};
/* End PBXSourcesBuildPhase section */

/* Begin PBXTargetDependency section */
		3237788F1A9EF63400F3DC4C /* PBXTargetDependency */ = {
			isa = PBXTargetDependency;
			target = 323778771A9EF63400F3DC4C /* TaskIt */;
			targetProxy = 3237788E1A9EF63400F3DC4C /* PBXContainerItemProxy */;
		};
/* End PBXTargetDependency section */

/* Begin PBXVariantGroup section */
		323778811A9EF63400F3DC4C /* Main.storyboard */ = {
			isa = PBXVariantGroup;
			children = (
				323778821A9EF63400F3DC4C /* Base */,
			);
			name = Main.storyboard;
			sourceTree = "<group>";
		};
		323778861A9EF63400F3DC4C /* LaunchScreen.xib */ = {
			isa = PBXVariantGroup;
			children = (
				323778871A9EF63400F3DC4C /* Base */,
			);
			name = LaunchScreen.xib;
			sourceTree = "<group>";
		};
/* End PBXVariantGroup section */

/* Begin XCBuildConfiguration section */
		323778951A9EF63400F3DC4C /* Debug */ = {
			isa = XCBuildConfiguration;
			buildSettings = {
				ALWAYS_SEARCH_USER_PATHS = NO;
				CLANG_CXX_LANGUAGE_STANDARD = "gnu++0x";
				CLANG_CXX_LIBRARY = "libc++";
				CLANG_ENABLE_MODULES = YES;
				CLANG_ENABLE_OBJC_ARC = YES;
				CLANG_WARN_BOOL_CONVERSION = YES;
				CLANG_WARN_CONSTANT_CONVERSION = YES;
				CLANG_WARN_DIRECT_OBJC_ISA_USAGE = YES_ERROR;
				CLANG_WARN_EMPTY_BODY = YES;
				CLANG_WARN_ENUM_CONVERSION = YES;
				CLANG_WARN_INT_CONVERSION = YES;
				CLANG_WARN_OBJC_ROOT_CLASS = YES_ERROR;
				CLANG_WARN_UNREACHABLE_CODE = YES;
				CLANG_WARN__DUPLICATE_METHOD_MATCH = YES;
				"CODE_SIGN_IDENTITY[sdk=iphoneos*]" = "iPhone Developer";
				COPY_PHASE_STRIP = NO;
				ENABLE_STRICT_OBJC_MSGSEND = YES;
				GCC_C_LANGUAGE_STANDARD = gnu99;
				GCC_DYNAMIC_NO_PIC = NO;
				GCC_OPTIMIZATION_LEVEL = 0;
				GCC_PREPROCESSOR_DEFINITIONS = (
					"DEBUG=1",
					"$(inherited)",
				);
				GCC_SYMBOLS_PRIVATE_EXTERN = NO;
				GCC_WARN_64_TO_32_BIT_CONVERSION = YES;
				GCC_WARN_ABOUT_RETURN_TYPE = YES_ERROR;
				GCC_WARN_UNDECLARED_SELECTOR = YES;
				GCC_WARN_UNINITIALIZED_AUTOS = YES_AGGRESSIVE;
				GCC_WARN_UNUSED_FUNCTION = YES;
				GCC_WARN_UNUSED_VARIABLE = YES;
				IPHONEOS_DEPLOYMENT_TARGET = 8.1;
				MTL_ENABLE_DEBUG_INFO = YES;
				ONLY_ACTIVE_ARCH = YES;
				SDKROOT = iphoneos;
				SWIFT_OPTIMIZATION_LEVEL = "-Onone";
				TARGETED_DEVICE_FAMILY = "1,2";
			};
			name = Debug;
		};
		323778961A9EF63400F3DC4C /* Release */ = {
			isa = XCBuildConfiguration;
			buildSettings = {
				ALWAYS_SEARCH_USER_PATHS = NO;
				CLANG_CXX_LANGUAGE_STANDARD = "gnu++0x";
				CLANG_CXX_LIBRARY = "libc++";
				CLANG_ENABLE_MODULES = YES;
				CLANG_ENABLE_OBJC_ARC = YES;
				CLANG_WARN_BOOL_CONVERSION = YES;
				CLANG_WARN_CONSTANT_CONVERSION = YES;
				CLANG_WARN_DIRECT_OBJC_ISA_USAGE = YES_ERROR;
				CLANG_WARN_EMPTY_BODY = YES;
				CLANG_WARN_ENUM_CONVERSION = YES;
				CLANG_WARN_INT_CONVERSION = YES;
				CLANG_WARN_OBJC_ROOT_CLASS = YES_ERROR;
				CLANG_WARN_UNREACHABLE_CODE = YES;
				CLANG_WARN__DUPLICATE_METHOD_MATCH = YES;
				"CODE_SIGN_IDENTITY[sdk=iphoneos*]" = "iPhone Developer";
				COPY_PHASE_STRIP = YES;
				ENABLE_NS_ASSERTIONS = NO;
				ENABLE_STRICT_OBJC_MSGSEND = YES;
				GCC_C_LANGUAGE_STANDARD = gnu99;
				GCC_WARN_64_TO_32_BIT_CONVERSION = YES;
				GCC_WARN_ABOUT_RETURN_TYPE = YES_ERROR;
				GCC_WARN_UNDECLARED_SELECTOR = YES;
				GCC_WARN_UNINITIALIZED_AUTOS = YES_AGGRESSIVE;
				GCC_WARN_UNUSED_FUNCTION = YES;
				GCC_WARN_UNUSED_VARIABLE = YES;
				IPHONEOS_DEPLOYMENT_TARGET = 8.1;
				MTL_ENABLE_DEBUG_INFO = NO;
				SDKROOT = iphoneos;
				TARGETED_DEVICE_FAMILY = "1,2";
				VALIDATE_PRODUCT = YES;
			};
			name = Release;
		};
		323778981A9EF63400F3DC4C /* Debug */ = {
			isa = XCBuildConfiguration;
			buildSettings = {
				ASSETCATALOG_COMPILER_APPICON_NAME = AppIcon;
				INFOPLIST_FILE = TaskIt/Info.plist;
				LD_RUNPATH_SEARCH_PATHS = "$(inherited) @executable_path/Frameworks";
				PRODUCT_NAME = "$(TARGET_NAME)";
			};
			name = Debug;
		};
		323778991A9EF63400F3DC4C /* Release */ = {
			isa = XCBuildConfiguration;
			buildSettings = {
				ASSETCATALOG_COMPILER_APPICON_NAME = AppIcon;
				INFOPLIST_FILE = TaskIt/Info.plist;
				LD_RUNPATH_SEARCH_PATHS = "$(inherited) @executable_path/Frameworks";
				PRODUCT_NAME = "$(TARGET_NAME)";
			};
			name = Release;
		};
		3237789B1A9EF63400F3DC4C /* Debug */ = {
			isa = XCBuildConfiguration;
			buildSettings = {
				BUNDLE_LOADER = "$(TEST_HOST)";
				FRAMEWORK_SEARCH_PATHS = (
					"$(SDKROOT)/Developer/Library/Frameworks",
					"$(inherited)",
				);
				GCC_PREPROCESSOR_DEFINITIONS = (
					"DEBUG=1",
					"$(inherited)",
				);
				INFOPLIST_FILE = TaskItTests/Info.plist;
				LD_RUNPATH_SEARCH_PATHS = "$(inherited) @executable_path/Frameworks @loader_path/Frameworks";
				PRODUCT_NAME = "$(TARGET_NAME)";
				TEST_HOST = "$(BUILT_PRODUCTS_DIR)/TaskIt.app/TaskIt";
			};
			name = Debug;
		};
		3237789C1A9EF63400F3DC4C /* Release */ = {
			isa = XCBuildConfiguration;
			buildSettings = {
				BUNDLE_LOADER = "$(TEST_HOST)";
				FRAMEWORK_SEARCH_PATHS = (
					"$(SDKROOT)/Developer/Library/Frameworks",
					"$(inherited)",
				);
				INFOPLIST_FILE = TaskItTests/Info.plist;
				LD_RUNPATH_SEARCH_PATHS = "$(inherited) @executable_path/Frameworks @loader_path/Frameworks";
				PRODUCT_NAME = "$(TARGET_NAME)";
				TEST_HOST = "$(BUILT_PRODUCTS_DIR)/TaskIt.app/TaskIt";
			};
			name = Release;
		};
/* End XCBuildConfiguration section */

/* Begin XCConfigurationList section */
		323778731A9EF63400F3DC4C /* Build configuration list for PBXProject "TaskIt" */ = {
			isa = XCConfigurationList;
			buildConfigurations = (
				323778951A9EF63400F3DC4C /* Debug */,
				323778961A9EF63400F3DC4C /* Release */,
			);
			defaultConfigurationIsVisible = 0;
			defaultConfigurationName = Release;
		};
		323778971A9EF63400F3DC4C /* Build configuration list for PBXNativeTarget "TaskIt" */ = {
			isa = XCConfigurationList;
			buildConfigurations = (
				323778981A9EF63400F3DC4C /* Debug */,
				323778991A9EF63400F3DC4C /* Release */,
			);
			defaultConfigurationIsVisible = 0;
		};
		3237789A1A9EF63400F3DC4C /* Build configuration list for PBXNativeTarget "TaskItTests" */ = {
			isa = XCConfigurationList;
			buildConfigurations = (
				3237789B1A9EF63400F3DC4C /* Debug */,
				3237789C1A9EF63400F3DC4C /* Release */,
			);
			defaultConfigurationIsVisible = 0;
		};
/* End XCConfigurationList section */
	};
	rootObject = 323778701A9EF63400F3DC4C /* Project object */;
}
